
Microsoft Visual Studio Solution File, Format Version 12.00
# Visual Studio Version 17
VisualStudioVersion = 17.8.34316.72
MinimumVisualStudioVersion = 10.0.40219.1
Project("{FAE04EC0-301F-11D3-BF4B-00C04F79EFBC}") = "UrbanAutoWebsite", "UrbanAutoWebsite\UrbanAutoWebsite.csproj", "{1661F89A-DB2C-4361-BC4F-C529F52A398C}"
EndProject
Global
	GlobalSection(SolutionConfigurationPlatforms) = preSolution
		Debug|Any CPU = Debug|Any CPU
		Release|Any CPU = Release|Any CPU
	EndGlobalSection
	GlobalSection(ProjectConfigurationPlatforms) = postSolution
		{1661F89A-DB2C-4361-BC4F-C529F52A398C}.Debug|Any CPU.ActiveCfg = Debug|Any CPU
		{1661F89A-DB2C-4361-BC4F-C529F52A398C}.Debug|Any CPU.Build.0 = Debug|Any CPU
		{1661F89A-DB2C-4361-BC4F-C529F52A398C}.Release|Any CPU.ActiveCfg = Release|Any CPU
		{1661F89A-DB2C-4361-BC4F-C529F52A398C}.Release|Any CPU.Build.0 = Release|Any CPU
	EndGlobalSection
	GlobalSection(SolutionProperties) = preSolution
		HideSolutionNode = FALSE
	EndGlobalSection
	GlobalSection(ExtensibilityGlobals) = postSolution
		SolutionGuid = {16129898-3444-4264-86FF-12426BD5E1B7}
	EndGlobalSection
EndGlobal
